
Microsoft Visual Studio Solution File, Format Version 12.00
# Visual Studio Version 16
VisualStudioVersion = 16.0.30517.126
MinimumVisualStudioVersion = 10.0.40219.1
Project("{FAE04EC0-301F-11D3-BF4B-00C04F79EFBC}") = "GUI", "loginform\GUI.csproj", "{3E4E311F-C9EA-4A39-8A5A-0FECBDEF7296}"
EndProject
Project("{FAE04EC0-301F-11D3-BF4B-00C04F79EFBC}") = "WindowsFormsControlLibrary", "WindowsFormsControlLibrary\WindowsFormsControlLibrary.csproj", "{0BAB4A76-FF7C-47CA-810F-130E28202491}"
EndProject
Project("{FAE04EC0-301F-11D3-BF4B-00C04F79EFBC}") = "DAL", "DAL\DAL.csproj", "{397863AD-06D2-4FD2-A61D-F51CDA750220}"
EndProject
Project("{FAE04EC0-301F-11D3-BF4B-00C04F79EFBC}") = "BLL", "BLL\BLL.csproj", "{B5AB27C4-3519-4336-8B08-6C15C2DAE30D}"
EndProject
Project("{FAE04EC0-301F-11D3-BF4B-00C04F79EFBC}") = "DTO", "DTO\DTO.csproj", "{7AAF2C32-4DDA-451A-A8F9-BCA81AD41A6F}"
EndProject
Global
	GlobalSection(SolutionConfigurationPlatforms) = preSolution
		Debug|Any CPU = Debug|Any CPU
		Release|Any CPU = Release|Any CPU
	EndGlobalSection
	GlobalSection(ProjectConfigurationPlatforms) = postSolution
		{3E4E311F-C9EA-4A39-8A5A-0FECBDEF7296}.Debug|Any CPU.ActiveCfg = Debug|Any CPU
		{3E4E311F-C9EA-4A39-8A5A-0FECBDEF7296}.Debug|Any CPU.Build.0 = Debug|Any CPU
		{3E4E311F-C9EA-4A39-8A5A-0FECBDEF7296}.Release|Any CPU.ActiveCfg = Release|Any CPU
		{3E4E311F-C9EA-4A39-8A5A-0FECBDEF7296}.Release|Any CPU.Build.0 = Release|Any CPU
		{0BAB4A76-FF7C-47CA-810F-130E28202491}.Debug|Any CPU.ActiveCfg = Debug|Any CPU
		{0BAB4A76-FF7C-47CA-810F-130E28202491}.Debug|Any CPU.Build.0 = Debug|Any CPU
		{0BAB4A76-FF7C-47CA-810F-130E28202491}.Release|Any CPU.ActiveCfg = Release|Any CPU
		{0BAB4A76-FF7C-47CA-810F-130E28202491}.Release|Any CPU.Build.0 = Release|Any CPU
		{397863AD-06D2-4FD2-A61D-F51CDA750220}.Debug|Any CPU.ActiveCfg = Debug|Any CPU
		{397863AD-06D2-4FD2-A61D-F51CDA750220}.Debug|Any CPU.Build.0 = Debug|Any CPU
		{397863AD-06D2-4FD2-A61D-F51CDA750220}.Release|Any CPU.ActiveCfg = Release|Any CPU
		{397863AD-06D2-4FD2-A61D-F51CDA750220}.Release|Any CPU.Build.0 = Release|Any CPU
		{B5AB27C4-3519-4336-8B08-6C15C2DAE30D}.Debug|Any CPU.ActiveCfg = Debug|Any CPU
		{B5AB27C4-3519-4336-8B08-6C15C2DAE30D}.Debug|Any CPU.Build.0 = Debug|Any CPU
		{B5AB27C4-3519-4336-8B08-6C15C2DAE30D}.Release|Any CPU.ActiveCfg = Release|Any CPU
		{B5AB27C4-3519-4336-8B08-6C15C2DAE30D}.Release|Any CPU.Build.0 = Release|Any CPU
		{7AAF2C32-4DDA-451A-A8F9-BCA81AD41A6F}.Debug|Any CPU.ActiveCfg = Debug|Any CPU
		{7AAF2C32-4DDA-451A-A8F9-BCA81AD41A6F}.Debug|Any CPU.Build.0 = Debug|Any CPU
		{7AAF2C32-4DDA-451A-A8F9-BCA81AD41A6F}.Release|Any CPU.ActiveCfg = Release|Any CPU
		{7AAF2C32-4DDA-451A-A8F9-BCA81AD41A6F}.Release|Any CPU.Build.0 = Release|Any CPU
	EndGlobalSection
	GlobalSection(SolutionProperties) = preSolution
		HideSolutionNode = FALSE
	EndGlobalSection
	GlobalSection(ExtensibilityGlobals) = postSolution
		SolutionGuid = {ACD818A3-58DA-4985-BBEE-1E0C812F04B3}
	EndGlobalSection
EndGlobal
